{
  "name": "@peerbox/core",
  "version": "0.1.0",
  "lockfileVersion": 3,
  "requires": true,
  "packages": {
    "": {
      "name": "@peerbox/core",
      "version": "0.1.0",
      "dependencies": {
        "ws": "^8.18.3"
      },
      "peerDependencies": {
        "wrtc": "^0.4.7"
      },
      "peerDependenciesMeta": {
        "wrtc": { "optional": true }
      }
    }
  }
}
